
Microsoft Visual Studio Solution File, Format Version 12.00
# Visual Studio 15
VisualStudioVersion = 15.0.28307.539
MinimumVisualStudioVersion = 10.0.40219.1
Project("{FAE04EC0-301F-11D3-BF4B-00C04F79EFBC}") = "RocketpackSdk", "RocketpackSdk\RocketpackSdk.csproj", "{0FC5EE60-ADA2-4C74-A7D6-384F301C042C}"
EndProject
Project("{FAE04EC0-301F-11D3-BF4B-00C04F79EFBC}") = "RocketpackSdkTest", "RocketpackSdkTest\RocketpackSdkTest.csproj", "{4703E2E8-E294-477C-8C75-16F7CBB06F11}"
EndProject
Global
	GlobalSection(SolutionConfigurationPlatforms) = preSolution
		Debug|Any CPU = Debug|Any CPU
		Release|Any CPU = Release|Any CPU
	EndGlobalSection
	GlobalSection(ProjectConfigurationPlatforms) = postSolution
		{0FC5EE60-ADA2-4C74-A7D6-384F301C042C}.Debug|Any CPU.ActiveCfg = Debug|Any CPU
		{0FC5EE60-ADA2-4C74-A7D6-384F301C042C}.Debug|Any CPU.Build.0 = Debug|Any CPU
		{0FC5EE60-ADA2-4C74-A7D6-384F301C042C}.Release|Any CPU.ActiveCfg = Release|Any CPU
		{0FC5EE60-ADA2-4C74-A7D6-384F301C042C}.Release|Any CPU.Build.0 = Release|Any CPU
		{4703E2E8-E294-477C-8C75-16F7CBB06F11}.Debug|Any CPU.ActiveCfg = Debug|Any CPU
		{4703E2E8-E294-477C-8C75-16F7CBB06F11}.Debug|Any CPU.Build.0 = Debug|Any CPU
		{4703E2E8-E294-477C-8C75-16F7CBB06F11}.Release|Any CPU.ActiveCfg = Release|Any CPU
		{4703E2E8-E294-477C-8C75-16F7CBB06F11}.Release|Any CPU.Build.0 = Release|Any CPU
	EndGlobalSection
	GlobalSection(SolutionProperties) = preSolution
		HideSolutionNode = FALSE
	EndGlobalSection
	GlobalSection(ExtensibilityGlobals) = postSolution
		SolutionGuid = {140A9304-FEE8-413F-80C2-0C0DB24EF689}
	EndGlobalSection
EndGlobal
